// !$*UTF8*$!
{
	archiveVersion = 1;
	classes = {
	};
	objectVersion = 77;
	objects = {

/* Begin PBXBuildFile section */
		B91447882E011E6200706937 /* ContentView.swift in Sources */ = {isa = PBXBuildFile; fileRef = B91447842E011E6200706937 /* ContentView.swift */; };
		B914478A2E011E6200706937 /* TutorlyApp.swift in Sources */ = {isa = PBXBuildFile; fileRef = B91447862E011E6200706937 /* TutorlyApp.swift */; };
		B91447952E011F5900706937 /* SwiftyGif in Frameworks */ = {isa = PBXBuildFile; productRef = B91447942E011F5900706937 /* SwiftyGif */; };
		B948BA1E2E0032CF00E44646 /* StreamChatSwiftUI in Frameworks */ = {isa = PBXBuildFile; productRef = B948BA1D2E0032CF00E44646 /* StreamChatSwiftUI */; };
		B948BA212E0032F700E44646 /* Nuke in Frameworks */ = {isa = PBXBuildFile; productRef = B948BA202E0032F700E44646 /* Nuke */; };
		B948BA232E0032F700E44646 /* NukeExtensions in Frameworks */ = {isa = PBXBuildFile; productRef = B948BA222E0032F700E44646 /* NukeExtensions */; };
		B948BA252E0032F700E44646 /* NukeUI in Frameworks */ = {isa = PBXBuildFile; productRef = B948BA242E0032F700E44646 /* NukeUI */; };
		B948BA272E0032F700E44646 /* NukeVideo in Frameworks */ = {isa = PBXBuildFile; productRef = B948BA262E0032F700E44646 /* NukeVideo */; };
		B95497832E02237700C6E531 /* SignInView.swift in Sources */ = {isa = PBXBuildFile; fileRef = B95497812E02237700C6E531 /* SignInView.swift */; };
/* End PBXBuildFile section */

/* Begin PBXContainerItemProxy section */
		B9FF6AB52DF5BA39005C93EC /* PBXContainerItemProxy */ = {
			isa = PBXContainerItemProxy;
			containerPortal = B9FF6A9C2DF5BA38005C93EC /* Project object */;
			proxyType = 1;
			remoteGlobalIDString = B9FF6AA32DF5BA38005C93EC;
			remoteInfo = Tutorly;
		};
		B9FF6ABF2DF5BA39005C93EC /* PBXContainerItemProxy */ = {
			isa = PBXContainerItemProxy;
			containerPortal = B9FF6A9C2DF5BA38005C93EC /* Project object */;
			proxyType = 1;
			remoteGlobalIDString = B9FF6AA32DF5BA38005C93EC;
			remoteInfo = Tutorly;
		};
/* End PBXContainerItemProxy section */

/* Begin PBXFileReference section */
		B91447842E011E6200706937 /* ContentView.swift */ = {isa = PBXFileReference; lastKnownFileType = sourcecode.swift; path = ContentView.swift; sourceTree = "<group>"; };
		B91447862E011E6200706937 /* TutorlyApp.swift */ = {isa = PBXFileReference; lastKnownFileType = sourcecode.swift; path = TutorlyApp.swift; sourceTree = "<group>"; };
		B91447A72E01212700706937 /* Credential.swift */ = {isa = PBXFileReference; lastKnownFileType = sourcecode.swift; path = Credential.swift; sourceTree = "<group>"; };
		B91447A82E01214700706937 /* StreamViewModel.swift */ = {isa = PBXFileReference; lastKnownFileType = sourcecode.swift; path = StreamViewModel.swift; sourceTree = "<group>"; };
		B91447A92E01217E00706937 /* Login.swift */ = {isa = PBXFileReference; lastKnownFileType = sourcecode.swift; path = Login.swift; sourceTree = "<group>"; };
		B91447AA2E01226500706937 /* CreateNewChannel.swift */ = {isa = PBXFileReference; lastKnownFileType = sourcecode.swift; path = CreateNewChannel.swift; sourceTree = "<group>"; };
		B91447AB2E01228200706937 /* ChannelView.swift */ = {isa = PBXFileReference; lastKnownFileType = sourcecode.swift; path = ChannelView.swift; sourceTree = "<group>"; };
		B91447AC2E0122FF00706937 /* LoadingScreen.swift */ = {isa = PBXFileReference; lastKnownFileType = sourcecode.swift; path = LoadingScreen.swift; sourceTree = "<group>"; };
		B95497812E02237700C6E531 /* SignInView.swift */ = {isa = PBXFileReference; lastKnownFileType = sourcecode.swift; path = SignInView.swift; sourceTree = "<group>"; };
		B95497972E02270000C6E531 /* SignUpView.swift */ = {isa = PBXFileReference; lastKnownFileType = sourcecode.swift; path = SignUpView.swift; sourceTree = "<group>"; };
		B9FF6AA42DF5BA38005C93EC /* Tutorly.app */ = {isa = PBXFileReference; explicitFileType = wrapper.application; includeInIndex = 0; path = Tutorly.app; sourceTree = BUILT_PRODUCTS_DIR; };
		B9FF6AB42DF5BA39005C93EC /* TutorlyTests.xctest */ = {isa = PBXFileReference; explicitFileType = wrapper.cfbundle; includeInIndex = 0; path = TutorlyTests.xctest; sourceTree = BUILT_PRODUCTS_DIR; };
		B9FF6ABE2DF5BA39005C93EC /* TutorlyUITests.xctest */ = {isa = PBXFileReference; explicitFileType = wrapper.cfbundle; includeInIndex = 0; path = TutorlyUITests.xctest; sourceTree = BUILT_PRODUCTS_DIR; };
/* End PBXFileReference section */

/* Begin PBXFileSystemSynchronizedRootGroup section */
		B9FF6AA62DF5BA38005C93EC /* Tutorly */ = {
			isa = PBXFileSystemSynchronizedRootGroup;
			path = Tutorly;
			sourceTree = "<group>";
		};
		B9FF6AB72DF5BA39005C93EC /* TutorlyTests */ = {
			isa = PBXFileSystemSynchronizedRootGroup;
			path = TutorlyTests;
			sourceTree = "<group>";
		};
		B9FF6AC12DF5BA39005C93EC /* TutorlyUITests */ = {
			isa = PBXFileSystemSynchronizedRootGroup;
			path = TutorlyUITests;
			sourceTree = "<group>";
		};
/* End PBXFileSystemSynchronizedRootGroup section */

/* Begin PBXFrameworksBuildPhase section */
		B9FF6AA12DF5BA38005C93EC /* Frameworks */ = {
			isa = PBXFrameworksBuildPhase;
			buildActionMask = 2147483647;
			files = (
				B948BA1E2E0032CF00E44646 /* StreamChatSwiftUI in Frameworks */,
				B948BA212E0032F700E44646 /* Nuke in Frameworks */,
				B948BA272E0032F700E44646 /* NukeVideo in Frameworks */,
				B948BA232E0032F700E44646 /* NukeExtensions in Frameworks */,
				B948BA252E0032F700E44646 /* NukeUI in Frameworks */,
				B91447952E011F5900706937 /* SwiftyGif in Frameworks */,
			);
			runOnlyForDeploymentPostprocessing = 0;
		};
		B9FF6AB12DF5BA39005C93EC /* Frameworks */ = {
			isa = PBXFrameworksBuildPhase;
			buildActionMask = 2147483647;
			files = (
			);
			runOnlyForDeploymentPostprocessing = 0;
		};
		B9FF6ABB2DF5BA39005C93EC /* Frameworks */ = {
			isa = PBXFrameworksBuildPhase;
			buildActionMask = 2147483647;
			files = (
			);
			runOnlyForDeploymentPostprocessing = 0;
		};
/* End PBXFrameworksBuildPhase section */

/* Begin PBXGroup section */
		B91447A22E01206900706937 /* Shared */ = {
			isa = PBXGroup;
			children = (
				B91447A72E01212700706937 /* Credential.swift */,
				B91447A52E01208B00706937 /* ViewModel */,
				B91447A42E01207A00706937 /* Model */,
				B91447A32E01206F00706937 /* View */,
			);
			path = Shared;
			sourceTree = "<group>";
		};
		B91447A32E01206F00706937 /* View */ = {
			isa = PBXGroup;
			children = (
				B91447AC2E0122FF00706937 /* LoadingScreen.swift */,
				B95497812E02237700C6E531 /* SignInView.swift */,
				B95497972E02270000C6E531 /* SignUpView.swift */,
				B91447AB2E01228200706937 /* ChannelView.swift */,
				B91447AA2E01226500706937 /* CreateNewChannel.swift */,
				B91447A92E01217E00706937 /* Login.swift */,
			);
			path = View;
			sourceTree = "<group>";
		};
		B91447A42E01207A00706937 /* Model */ = {
			isa = PBXGroup;
			children = (
				B91447842E011E6200706937 /* ContentView.swift */,
				B91447862E011E6200706937 /* TutorlyApp.swift */,
			);
			path = Model;
			sourceTree = "<group>";
		};
		B91447A52E01208B00706937 /* ViewModel */ = {
			isa = PBXGroup;
			children = (
				B91447A82E01214700706937 /* StreamViewModel.swift */,
			);
			path = ViewModel;
			sourceTree = "<group>";
		};
		B9FF6A9B2DF5BA38005C93EC = {
			isa = PBXGroup;
			children = (
				B91447A22E01206900706937 /* Shared */,
				B9FF6AA62DF5BA38005C93EC /* Tutorly */,
				B9FF6AB72DF5BA39005C93EC /* TutorlyTests */,
				B9FF6AC12DF5BA39005C93EC /* TutorlyUITests */,
				B9FF6AA52DF5BA38005C93EC /* Products */,
			);
			sourceTree = "<group>";
		};
		B9FF6AA52DF5BA38005C93EC /* Products */ = {
			isa = PBXGroup;
			children = (
				B9FF6AA42DF5BA38005C93EC /* Tutorly.app */,
				B9FF6AB42DF5BA39005C93EC /* TutorlyTests.xctest */,
				B9FF6ABE2DF5BA39005C93EC /* TutorlyUITests.xctest */,
			);
			name = Products;
			sourceTree = "<group>";
		};
/* End PBXGroup section */

/* Begin PBXNativeTarget section */
		B9FF6AA32DF5BA38005C93EC /* Tutorly */ = {
			isa = PBXNativeTarget;
			buildConfigurationList = B9FF6AC82DF5BA39005C93EC /* Build configuration list for PBXNativeTarget "Tutorly" */;
			buildPhases = (
				B9FF6AA02DF5BA38005C93EC /* Sources */,
				B9FF6AA12DF5BA38005C93EC /* Frameworks */,
				B9FF6AA22DF5BA38005C93EC /* Resources */,
			);
			buildRules = (
			);
			dependencies = (
			);
			fileSystemSynchronizedGroups = (
				B9FF6AA62DF5BA38005C93EC /* Tutorly */,
			);
			name = Tutorly;
			packageProductDependencies = (
				B948BA1D2E0032CF00E44646 /* StreamChatSwiftUI */,
				B948BA202E0032F700E44646 /* Nuke */,
				B948BA222E0032F700E44646 /* NukeExtensions */,
				B948BA242E0032F700E44646 /* NukeUI */,
				B948BA262E0032F700E44646 /* NukeVideo */,
				B91447942E011F5900706937 /* SwiftyGif */,
			);
			productName = Tutorly;
			productReference = B9FF6AA42DF5BA38005C93EC /* Tutorly.app */;
			productType = "com.apple.product-type.application";
		};
		B9FF6AB32DF5BA39005C93EC /* TutorlyTests */ = {
			isa = PBXNativeTarget;
			buildConfigurationList = B9FF6ACB2DF5BA39005C93EC /* Build configuration list for PBXNativeTarget "TutorlyTests" */;
			buildPhases = (
				B9FF6AB02DF5BA39005C93EC /* Sources */,
				B9FF6AB12DF5BA39005C93EC /* Frameworks */,
				B9FF6AB22DF5BA39005C93EC /* Resources */,
			);
			buildRules = (
			);
			dependencies = (
				B9FF6AB62DF5BA39005C93EC /* PBXTargetDependency */,
			);
			fileSystemSynchronizedGroups = (
				B9FF6AB72DF5BA39005C93EC /* TutorlyTests */,
			);
			name = TutorlyTests;
			packageProductDependencies = (
			);
			productName = TutorlyTests;
			productReference = B9FF6AB42DF5BA39005C93EC /* TutorlyTests.xctest */;
			productType = "com.apple.product-type.bundle.unit-test";
		};
		B9FF6ABD2DF5BA39005C93EC /* TutorlyUITests */ = {
			isa = PBXNativeTarget;
			buildConfigurationList = B9FF6ACE2DF5BA39005C93EC /* Build configuration list for PBXNativeTarget "TutorlyUITests" */;
			buildPhases = (
				B9FF6ABA2DF5BA39005C93EC /* Sources */,
				B9FF6ABB2DF5BA39005C93EC /* Frameworks */,
				B9FF6ABC2DF5BA39005C93EC /* Resources */,
			);
			buildRules = (
			);
			dependencies = (
				B9FF6AC02DF5BA39005C93EC /* PBXTargetDependency */,
			);
			fileSystemSynchronizedGroups = (
				B9FF6AC12DF5BA39005C93EC /* TutorlyUITests */,
			);
			name = TutorlyUITests;
			packageProductDependencies = (
			);
			productName = TutorlyUITests;
			productReference = B9FF6ABE2DF5BA39005C93EC /* TutorlyUITests.xctest */;
			productType = "com.apple.product-type.bundle.ui-testing";
		};
/* End PBXNativeTarget section */

/* Begin PBXProject section */
		B9FF6A9C2DF5BA38005C93EC /* Project object */ = {
			isa = PBXProject;
			attributes = {
				BuildIndependentTargetsInParallel = 1;
				LastSwiftUpdateCheck = 1620;
				LastUpgradeCheck = 1620;
				TargetAttributes = {
					B9FF6AA32DF5BA38005C93EC = {
						CreatedOnToolsVersion = 16.2;
					};
					B9FF6AB32DF5BA39005C93EC = {
						CreatedOnToolsVersion = 16.2;
						TestTargetID = B9FF6AA32DF5BA38005C93EC;
					};
					B9FF6ABD2DF5BA39005C93EC = {
						CreatedOnToolsVersion = 16.2;
						TestTargetID = B9FF6AA32DF5BA38005C93EC;
					};
				};
			};
			buildConfigurationList = B9FF6A9F2DF5BA38005C93EC /* Build configuration list for PBXProject "Tutorly" */;
			developmentRegion = en;
			hasScannedForEncodings = 0;
			knownRegions = (
				en,
				Base,
			);
			mainGroup = B9FF6A9B2DF5BA38005C93EC;
			minimizedProjectReferenceProxies = 1;
			packageReferences = (
				B948BA1C2E0032CF00E44646 /* XCRemoteSwiftPackageReference "stream-chat-swiftui" */,
				B948BA1F2E0032F700E44646 /* XCRemoteSwiftPackageReference "Nuke" */,
				B91447932E011F5900706937 /* XCRemoteSwiftPackageReference "SwiftyGif" */,
			);
			preferredProjectObjectVersion = 77;
			productRefGroup = B9FF6AA52DF5BA38005C93EC /* Products */;
			projectDirPath = "";
			projectRoot = "";
			targets = (
				B9FF6AA32DF5BA38005C93EC /* Tutorly */,
				B9FF6AB32DF5BA39005C93EC /* TutorlyTests */,
				B9FF6ABD2DF5BA39005C93EC /* TutorlyUITests */,
			);
		};
/* End PBXProject section */

/* Begin PBXResourcesBuildPhase section */
		B9FF6AA22DF5BA38005C93EC /* Resources */ = {
			isa = PBXResourcesBuildPhase;
			buildActionMask = 2147483647;
			files = (
			);
			runOnlyForDeploymentPostprocessing = 0;
		};
		B9FF6AB22DF5BA39005C93EC /* Resources */ = {
			isa = PBXResourcesBuildPhase;
			buildActionMask = 2147483647;
			files = (
			);
			runOnlyForDeploymentPostprocessing = 0;
		};
		B9FF6ABC2DF5BA39005C93EC /* Resources */ = {
			isa = PBXResourcesBuildPhase;
			buildActionMask = 2147483647;
			files = (
			);
			runOnlyForDeploymentPostprocessing = 0;
		};
/* End PBXResourcesBuildPhase section */

/* Begin PBXSourcesBuildPhase section */
		B9FF6AA02DF5BA38005C93EC /* Sources */ = {
			isa = PBXSourcesBuildPhase;
			buildActionMask = 2147483647;
			files = (
				B95497832E02237700C6E531 /* SignInView.swift in Sources */,
				B91447882E011E6200706937 /* ContentView.swift in Sources */,
				B914478A2E011E6200706937 /* TutorlyApp.swift in Sources */,
			);
			runOnlyForDeploymentPostprocessing = 0;
		};
		B9FF6AB02DF5BA39005C93EC /* Sources */ = {
			isa = PBXSourcesBuildPhase;
			buildActionMask = 2147483647;
			files = (
			);
			runOnlyForDeploymentPostprocessing = 0;
		};
		B9FF6ABA2DF5BA39005C93EC /* Sources */ = {
			isa = PBXSourcesBuildPhase;
			buildActionMask = 2147483647;
			files = (
			);
			runOnlyForDeploymentPostprocessing = 0;
		};
/* End PBXSourcesBuildPhase section */

/* Begin PBXTargetDependency section */
		B9FF6AB62DF5BA39005C93EC /* PBXTargetDependency */ = {
			isa = PBXTargetDependency;
			target = B9FF6AA32DF5BA38005C93EC /* Tutorly */;
			targetProxy = B9FF6AB52DF5BA39005C93EC /* PBXContainerItemProxy */;
		};
		B9FF6AC02DF5BA39005C93EC /* PBXTargetDependency */ = {
			isa = PBXTargetDependency;
			target = B9FF6AA32DF5BA38005C93EC /* Tutorly */;
			targetProxy = B9FF6ABF2DF5BA39005C93EC /* PBXContainerItemProxy */;
		};
/* End PBXTargetDependency section */

/* Begin XCBuildConfiguration section */
		B9FF6AC62DF5BA39005C93EC /* Debug */ = {
			isa = XCBuildConfiguration;
			buildSettings = {
				ALWAYS_SEARCH_USER_PATHS = NO;
				ASSETCATALOG_COMPILER_GENERATE_SWIFT_ASSET_SYMBOL_EXTENSIONS = YES;
				CLANG_ANALYZER_NONNULL = YES;
				CLANG_ANALYZER_NUMBER_OBJECT_CONVERSION = YES_AGGRESSIVE;
				CLANG_CXX_LANGUAGE_STANDARD = "gnu++20";
				CLANG_ENABLE_MODULES = YES;
				CLANG_ENABLE_OBJC_ARC = YES;
				CLANG_ENABLE_OBJC_WEAK = YES;
				CLANG_WARN_BLOCK_CAPTURE_AUTORELEASING = YES;
				CLANG_WARN_BOOL_CONVERSION = YES;
				CLANG_WARN_COMMA = YES;
				CLANG_WARN_CONSTANT_CONVERSION = YES;
				CLANG_WARN_DEPRECATED_OBJC_IMPLEMENTATIONS = YES;
				CLANG_WARN_DIRECT_OBJC_ISA_USAGE = YES_ERROR;
				CLANG_WARN_DOCUMENTATION_COMMENTS = YES;
				CLANG_WARN_EMPTY_BODY = YES;
				CLANG_WARN_ENUM_CONVERSION = YES;
				CLANG_WARN_INFINITE_RECURSION = YES;
				CLANG_WARN_INT_CONVERSION = YES;
				CLANG_WARN_NON_LITERAL_NULL_CONVERSION = YES;
				CLANG_WARN_OBJC_IMPLICIT_RETAIN_SELF = YES;
				CLANG_WARN_OBJC_LITERAL_CONVERSION = YES;
				CLANG_WARN_OBJC_ROOT_CLASS = YES_ERROR;
				CLANG_WARN_QUOTED_INCLUDE_IN_FRAMEWORK_HEADER = YES;
				CLANG_WARN_RANGE_LOOP_ANALYSIS = YES;
				CLANG_WARN_STRICT_PROTOTYPES = YES;
				CLANG_WARN_SUSPICIOUS_MOVE = YES;
				CLANG_WARN_UNGUARDED_AVAILABILITY = YES_AGGRESSIVE;
				CLANG_WARN_UNREACHABLE_CODE = YES;
				CLANG_WARN__DUPLICATE_METHOD_MATCH = YES;
				COPY_PHASE_STRIP = NO;
				DEBUG_INFORMATION_FORMAT = dwarf;
				ENABLE_STRICT_OBJC_MSGSEND = YES;
				ENABLE_TESTABILITY = YES;
				ENABLE_USER_SCRIPT_SANDBOXING = YES;
				GCC_C_LANGUAGE_STANDARD = gnu17;
				GCC_DYNAMIC_NO_PIC = NO;
				GCC_NO_COMMON_BLOCKS = YES;
				GCC_OPTIMIZATION_LEVEL = 0;
				GCC_PREPROCESSOR_DEFINITIONS = (
					"DEBUG=1",
					"$(inherited)",
				);
				GCC_WARN_64_TO_32_BIT_CONVERSION = YES;
				GCC_WARN_ABOUT_RETURN_TYPE = YES_ERROR;
				GCC_WARN_UNDECLARED_SELECTOR = YES;
				GCC_WARN_UNINITIALIZED_AUTOS = YES_AGGRESSIVE;
				GCC_WARN_UNUSED_FUNCTION = YES;
				GCC_WARN_UNUSED_VARIABLE = YES;
				IPHONEOS_DEPLOYMENT_TARGET = 18.2;
				LOCALIZATION_PREFERS_STRING_CATALOGS = YES;
				MTL_ENABLE_DEBUG_INFO = INCLUDE_SOURCE;
				MTL_FAST_MATH = YES;
				ONLY_ACTIVE_ARCH = YES;
				SDKROOT = iphoneos;
				SWIFT_ACTIVE_COMPILATION_CONDITIONS = "DEBUG $(inherited)";
				SWIFT_OPTIMIZATION_LEVEL = "-Onone";
			};
			name = Debug;
		};
		B9FF6AC72DF5BA39005C93EC /* Release */ = {
			isa = XCBuildConfiguration;
			buildSettings = {
				ALWAYS_SEARCH_USER_PATHS = NO;
				ASSETCATALOG_COMPILER_GENERATE_SWIFT_ASSET_SYMBOL_EXTENSIONS = YES;
				CLANG_ANALYZER_NONNULL = YES;
				CLANG_ANALYZER_NUMBER_OBJECT_CONVERSION = YES_AGGRESSIVE;
				CLANG_CXX_LANGUAGE_STANDARD = "gnu++20";
				CLANG_ENABLE_MODULES = YES;
				CLANG_ENABLE_OBJC_ARC = YES;
				CLANG_ENABLE_OBJC_WEAK = YES;
				CLANG_WARN_BLOCK_CAPTURE_AUTORELEASING = YES;
				CLANG_WARN_BOOL_CONVERSION = YES;
				CLANG_WARN_COMMA = YES;
				CLANG_WARN_CONSTANT_CONVERSION = YES;
				CLANG_WARN_DEPRECATED_OBJC_IMPLEMENTATIONS = YES;
				CLANG_WARN_DIRECT_OBJC_ISA_USAGE = YES_ERROR;
				CLANG_WARN_DOCUMENTATION_COMMENTS = YES;
				CLANG_WARN_EMPTY_BODY = YES;
				CLANG_WARN_ENUM_CONVERSION = YES;
				CLANG_WARN_INFINITE_RECURSION = YES;
				CLANG_WARN_INT_CONVERSION = YES;
				CLANG_WARN_NON_LITERAL_NULL_CONVERSION = YES;
				CLANG_WARN_OBJC_IMPLICIT_RETAIN_SELF = YES;
				CLANG_WARN_OBJC_LITERAL_CONVERSION = YES;
				CLANG_WARN_OBJC_ROOT_CLASS = YES_ERROR;
				CLANG_WARN_QUOTED_INCLUDE_IN_FRAMEWORK_HEADER = YES;
				CLANG_WARN_RANGE_LOOP_ANALYSIS = YES;
				CLANG_WARN_STRICT_PROTOTYPES = YES;
				CLANG_WARN_SUSPICIOUS_MOVE = YES;
				CLANG_WARN_UNGUARDED_AVAILABILITY = YES_AGGRESSIVE;
				CLANG_WARN_UNREACHABLE_CODE = YES;
				CLANG_WARN__DUPLICATE_METHOD_MATCH = YES;
				COPY_PHASE_STRIP = NO;
				DEBUG_INFORMATION_FORMAT = "dwarf-with-dsym";
				ENABLE_NS_ASSERTIONS = NO;
				ENABLE_STRICT_OBJC_MSGSEND = YES;
				ENABLE_USER_SCRIPT_SANDBOXING = YES;
				GCC_C_LANGUAGE_STANDARD = gnu17;
				GCC_NO_COMMON_BLOCKS = YES;
				GCC_WARN_64_TO_32_BIT_CONVERSION = YES;
				GCC_WARN_ABOUT_RETURN_TYPE = YES_ERROR;
				GCC_WARN_UNDECLARED_SELECTOR = YES;
				GCC_WARN_UNINITIALIZED_AUTOS = YES_AGGRESSIVE;
				GCC_WARN_UNUSED_FUNCTION = YES;
				GCC_WARN_UNUSED_VARIABLE = YES;
				IPHONEOS_DEPLOYMENT_TARGET = 18.2;
				LOCALIZATION_PREFERS_STRING_CATALOGS = YES;
				MTL_ENABLE_DEBUG_INFO = NO;
				MTL_FAST_MATH = YES;
				SDKROOT = iphoneos;
				SWIFT_COMPILATION_MODE = wholemodule;
				VALIDATE_PRODUCT = YES;
			};
			name = Release;
		};
		B9FF6AC92DF5BA39005C93EC /* Debug */ = {
			isa = XCBuildConfiguration;
			buildSettings = {
				ASSETCATALOG_COMPILER_APPICON_NAME = AppIcon;
				ASSETCATALOG_COMPILER_GLOBAL_ACCENT_COLOR_NAME = AccentColor;
				CODE_SIGN_STYLE = Automatic;
				CURRENT_PROJECT_VERSION = 1;
				DEVELOPMENT_ASSET_PATHS = "\"Tutorly/Preview Content\"";
				DEVELOPMENT_TEAM = CMC4S7K664;
				ENABLE_PREVIEWS = YES;
				GENERATE_INFOPLIST_FILE = YES;
				INFOPLIST_KEY_UIApplicationSceneManifest_Generation = YES;
				INFOPLIST_KEY_UIApplicationSupportsIndirectInputEvents = YES;
				INFOPLIST_KEY_UILaunchScreen_Generation = YES;
				INFOPLIST_KEY_UISupportedInterfaceOrientations_iPad = "UIInterfaceOrientationPortrait UIInterfaceOrientationPortraitUpsideDown UIInterfaceOrientationLandscapeLeft UIInterfaceOrientationLandscapeRight";
				INFOPLIST_KEY_UISupportedInterfaceOrientations_iPhone = "UIInterfaceOrientationPortrait UIInterfaceOrientationLandscapeLeft UIInterfaceOrientationLandscapeRight";
				LD_RUNPATH_SEARCH_PATHS = (
					"$(inherited)",
					"@executable_path/Frameworks",
				);
				MARKETING_VERSION = 1.0;
				PRODUCT_BUNDLE_IDENTIFIER = Nudara.Tutorly;
				PRODUCT_NAME = "$(TARGET_NAME)";
				SWIFT_EMIT_LOC_STRINGS = YES;
				SWIFT_VERSION = 5.0;
				TARGETED_DEVICE_FAMILY = "1,2";
			};
			name = Debug;
		};
		B9FF6ACA2DF5BA39005C93EC /* Release */ = {
			isa = XCBuildConfiguration;
			buildSettings = {
				ASSETCATALOG_COMPILER_APPICON_NAME = AppIcon;
				ASSETCATALOG_COMPILER_GLOBAL_ACCENT_COLOR_NAME = AccentColor;
				CODE_SIGN_STYLE = Automatic;
				CURRENT_PROJECT_VERSION = 1;
				DEVELOPMENT_ASSET_PATHS = "\"Tutorly/Preview Content\"";
				DEVELOPMENT_TEAM = CMC4S7K664;
				ENABLE_PREVIEWS = YES;
				GENERATE_INFOPLIST_FILE = YES;
				INFOPLIST_KEY_UIApplicationSceneManifest_Generation = YES;
				INFOPLIST_KEY_UIApplicationSupportsIndirectInputEvents = YES;
				INFOPLIST_KEY_UILaunchScreen_Generation = YES;
				INFOPLIST_KEY_UISupportedInterfaceOrientations_iPad = "UIInterfaceOrientationPortrait UIInterfaceOrientationPortraitUpsideDown UIInterfaceOrientationLandscapeLeft UIInterfaceOrientationLandscapeRight";
				INFOPLIST_KEY_UISupportedInterfaceOrientations_iPhone = "UIInterfaceOrientationPortrait UIInterfaceOrientationLandscapeLeft UIInterfaceOrientationLandscapeRight";
				LD_RUNPATH_SEARCH_PATHS = (
					"$(inherited)",
					"@executable_path/Frameworks",
				);
				MARKETING_VERSION = 1.0;
				PRODUCT_BUNDLE_IDENTIFIER = Nudara.Tutorly;
				PRODUCT_NAME = "$(TARGET_NAME)";
				SWIFT_EMIT_LOC_STRINGS = YES;
				SWIFT_VERSION = 5.0;
				TARGETED_DEVICE_FAMILY = "1,2";
			};
			name = Release;
		};
		B9FF6ACC2DF5BA39005C93EC /* Debug */ = {
			isa = XCBuildConfiguration;
			buildSettings = {
				BUNDLE_LOADER = "$(TEST_HOST)";
				CODE_SIGN_STYLE = Automatic;
				CURRENT_PROJECT_VERSION = 1;
				DEVELOPMENT_TEAM = CMC4S7K664;
				GENERATE_INFOPLIST_FILE = YES;
				IPHONEOS_DEPLOYMENT_TARGET = 18.2;
				MARKETING_VERSION = 1.0;
				PRODUCT_BUNDLE_IDENTIFIER = Nudara.TutorlyTests;
				PRODUCT_NAME = "$(TARGET_NAME)";
				SWIFT_EMIT_LOC_STRINGS = NO;
				SWIFT_VERSION = 5.0;
				TARGETED_DEVICE_FAMILY = "1,2";
				TEST_HOST = "$(BUILT_PRODUCTS_DIR)/Tutorly.app/$(BUNDLE_EXECUTABLE_FOLDER_PATH)/Tutorly";
			};
			name = Debug;
		};
		B9FF6ACD2DF5BA39005C93EC /* Release */ = {
			isa = XCBuildConfiguration;
			buildSettings = {
				BUNDLE_LOADER = "$(TEST_HOST)";
				CODE_SIGN_STYLE = Automatic;
				CURRENT_PROJECT_VERSION = 1;
				DEVELOPMENT_TEAM = CMC4S7K664;
				GENERATE_INFOPLIST_FILE = YES;
				IPHONEOS_DEPLOYMENT_TARGET = 18.2;
				MARKETING_VERSION = 1.0;
				PRODUCT_BUNDLE_IDENTIFIER = Nudara.TutorlyTests;
				PRODUCT_NAME = "$(TARGET_NAME)";
				SWIFT_EMIT_LOC_STRINGS = NO;
				SWIFT_VERSION = 5.0;
				TARGETED_DEVICE_FAMILY = "1,2";
				TEST_HOST = "$(BUILT_PRODUCTS_DIR)/Tutorly.app/$(BUNDLE_EXECUTABLE_FOLDER_PATH)/Tutorly";
			};
			name = Release;
		};
		B9FF6ACF2DF5BA39005C93EC /* Debug */ = {
			isa = XCBuildConfiguration;
			buildSettings = {
				CODE_SIGN_STYLE = Automatic;
				CURRENT_PROJECT_VERSION = 1;
				DEVELOPMENT_TEAM = CMC4S7K664;
				GENERATE_INFOPLIST_FILE = YES;
				MARKETING_VERSION = 1.0;
				PRODUCT_BUNDLE_IDENTIFIER = Nudara.TutorlyUITests;
				PRODUCT_NAME = "$(TARGET_NAME)";
				SWIFT_EMIT_LOC_STRINGS = NO;
				SWIFT_VERSION = 5.0;
				TARGETED_DEVICE_FAMILY = "1,2";
				TEST_TARGET_NAME = Tutorly;
			};
			name = Debug;
		};
		B9FF6AD02DF5BA39005C93EC /* Release */ = {
			isa = XCBuildConfiguration;
			buildSettings = {
				CODE_SIGN_STYLE = Automatic;
				CURRENT_PROJECT_VERSION = 1;
				DEVELOPMENT_TEAM = CMC4S7K664;
				GENERATE_INFOPLIST_FILE = YES;
				MARKETING_VERSION = 1.0;
				PRODUCT_BUNDLE_IDENTIFIER = Nudara.TutorlyUITests;
				PRODUCT_NAME = "$(TARGET_NAME)";
				SWIFT_EMIT_LOC_STRINGS = NO;
				SWIFT_VERSION = 5.0;
				TARGETED_DEVICE_FAMILY = "1,2";
				TEST_TARGET_NAME = Tutorly;
			};
			name = Release;
		};
/* End XCBuildConfiguration section */

/* Begin XCConfigurationList section */
		B9FF6A9F2DF5BA38005C93EC /* Build configuration list for PBXProject "Tutorly" */ = {
			isa = XCConfigurationList;
			buildConfigurations = (
				B9FF6AC62DF5BA39005C93EC /* Debug */,
				B9FF6AC72DF5BA39005C93EC /* Release */,
			);
			defaultConfigurationIsVisible = 0;
			defaultConfigurationName = Release;
		};
		B9FF6AC82DF5BA39005C93EC /* Build configuration list for PBXNativeTarget "Tutorly" */ = {
			isa = XCConfigurationList;
			buildConfigurations = (
				B9FF6AC92DF5BA39005C93EC /* Debug */,
				B9FF6ACA2DF5BA39005C93EC /* Release */,
			);
			defaultConfigurationIsVisible = 0;
			defaultConfigurationName = Release;
		};
		B9FF6ACB2DF5BA39005C93EC /* Build configuration list for PBXNativeTarget "TutorlyTests" */ = {
			isa = XCConfigurationList;
			buildConfigurations = (
				B9FF6ACC2DF5BA39005C93EC /* Debug */,
				B9FF6ACD2DF5BA39005C93EC /* Release */,
			);
			defaultConfigurationIsVisible = 0;
			defaultConfigurationName = Release;
		};
		B9FF6ACE2DF5BA39005C93EC /* Build configuration list for PBXNativeTarget "TutorlyUITests" */ = {
			isa = XCConfigurationList;
			buildConfigurations = (
				B9FF6ACF2DF5BA39005C93EC /* Debug */,
				B9FF6AD02DF5BA39005C93EC /* Release */,
			);
			defaultConfigurationIsVisible = 0;
			defaultConfigurationName = Release;
		};
/* End XCConfigurationList section */

/* Begin XCRemoteSwiftPackageReference section */
		B91447932E011F5900706937 /* XCRemoteSwiftPackageReference "SwiftyGif" */ = {
			isa = XCRemoteSwiftPackageReference;
			repositoryURL = "https://github.com/kirualex/SwiftyGif.git";
			requirement = {
				kind = upToNextMajorVersion;
				minimumVersion = 5.4.5;
			};
		};
		B948BA1C2E0032CF00E44646 /* XCRemoteSwiftPackageReference "stream-chat-swiftui" */ = {
			isa = XCRemoteSwiftPackageReference;
			repositoryURL = "https://github.com/getstream/stream-chat-swiftui";
			requirement = {
				kind = upToNextMajorVersion;
				minimumVersion = 4.0.0;
			};
		};
		B948BA1F2E0032F700E44646 /* XCRemoteSwiftPackageReference "Nuke" */ = {
			isa = XCRemoteSwiftPackageReference;
			repositoryURL = "https://github.com/kean/Nuke.git";
			requirement = {
				kind = upToNextMajorVersion;
				minimumVersion = 12.0.0;
			};
		};
/* End XCRemoteSwiftPackageReference section */

/* Begin XCSwiftPackageProductDependency section */
		B91447942E011F5900706937 /* SwiftyGif */ = {
			isa = XCSwiftPackageProductDependency;
			package = B91447932E011F5900706937 /* XCRemoteSwiftPackageReference "SwiftyGif" */;
			productName = SwiftyGif;
		};
		B948BA1D2E0032CF00E44646 /* StreamChatSwiftUI */ = {
			isa = XCSwiftPackageProductDependency;
			package = B948BA1C2E0032CF00E44646 /* XCRemoteSwiftPackageReference "stream-chat-swiftui" */;
			productName = StreamChatSwiftUI;
		};
		B948BA202E0032F700E44646 /* Nuke */ = {
			isa = XCSwiftPackageProductDependency;
			package = B948BA1F2E0032F700E44646 /* XCRemoteSwiftPackageReference "Nuke" */;
			productName = Nuke;
		};
		B948BA222E0032F700E44646 /* NukeExtensions */ = {
			isa = XCSwiftPackageProductDependency;
			package = B948BA1F2E0032F700E44646 /* XCRemoteSwiftPackageReference "Nuke" */;
			productName = NukeExtensions;
		};
		B948BA242E0032F700E44646 /* NukeUI */ = {
			isa = XCSwiftPackageProductDependency;
			package = B948BA1F2E0032F700E44646 /* XCRemoteSwiftPackageReference "Nuke" */;
			productName = NukeUI;
		};
		B948BA262E0032F700E44646 /* NukeVideo */ = {
			isa = XCSwiftPackageProductDependency;
			package = B948BA1F2E0032F700E44646 /* XCRemoteSwiftPackageReference "Nuke" */;
			productName = NukeVideo;
		};
/* End XCSwiftPackageProductDependency section */
	};
	rootObject = B9FF6A9C2DF5BA38005C93EC /* Project object */;
}
