{
  "originHash" : "4fe57f553881d261ab0605193928c0c2e16967429d9d07ce2e943d1a842e760e",
  "pins" : [
    {
      "identity" : "nuke",
      "kind" : "remoteSourceControl",
      "location" : "https://github.com/kean/Nuke.git",
      "state" : {
        "revision" : "0ead44350d2737db384908569c012fe67c421e4d",
        "version" : "12.8.0"
      }
    },
    {
      "identity" : "stream-chat-swift",
      "kind" : "remoteSourceControl",
      "location" : "https://github.com/GetStream/stream-chat-swift.git",
      "state" : {
        "revision" : "71983eaffdb428da3cf8efdd4f4e72a0659d7897",
        "version" : "4.79.1"
      }
    },
    {
      "identity" : "stream-chat-swiftui",
      "kind" : "remoteSourceControl",
      "location" : "https://github.com/getstream/stream-chat-swiftui",
      "state" : {
        "revision" : "d4910c5a3302021f804261fec6b37bf1c224c516",
        "version" : "4.79.1"
      }
    },
    {
      "identity" : "swiftygif",
      "kind" : "remoteSourceControl",
      "location" : "https://github.com/kirualex/SwiftyGif.git",
      "state" : {
        "revision" : "4430cbc148baa3907651d40562d96325426f409a",
        "version" : "5.4.5"
      }
    }
  ],
  "version" : 3
}
